
Microsoft Visual Studio Solution File, Format Version 12.00
# Visual Studio Version 17
VisualStudioVersion = 17.3.32825.248
MinimumVisualStudioVersion = 10.0.40219.1
Project("{9A19103F-16F7-4668-BE54-9A1E7A4F7556}") = "Tests", "Tests\Tests.csproj", "{5E84F815-5FD8-4636-9732-2ADDA43A2F4D}"
EndProject
Project("{FAE04EC0-301F-11D3-BF4B-00C04F79EFBC}") = "StringFormatter", "StringFormatter\StringFormatter.csproj", "{4ED916D1-1F15-4783-B03C-FAC22DA26312}"
EndProject
Global
	GlobalSection(SolutionConfigurationPlatforms) = preSolution
		Debug|Any CPU = Debug|Any CPU
		Release|Any CPU = Release|Any CPU
	EndGlobalSection
	GlobalSection(ProjectConfigurationPlatforms) = postSolution
		{5E84F815-5FD8-4636-9732-2ADDA43A2F4D}.Debug|Any CPU.ActiveCfg = Debug|Any CPU
		{5E84F815-5FD8-4636-9732-2ADDA43A2F4D}.Debug|Any CPU.Build.0 = Debug|Any CPU
		{5E84F815-5FD8-4636-9732-2ADDA43A2F4D}.Release|Any CPU.ActiveCfg = Release|Any CPU
		{5E84F815-5FD8-4636-9732-2ADDA43A2F4D}.Release|Any CPU.Build.0 = Release|Any CPU
		{4ED916D1-1F15-4783-B03C-FAC22DA26312}.Debug|Any CPU.ActiveCfg = Debug|Any CPU
		{4ED916D1-1F15-4783-B03C-FAC22DA26312}.Debug|Any CPU.Build.0 = Debug|Any CPU
		{4ED916D1-1F15-4783-B03C-FAC22DA26312}.Release|Any CPU.ActiveCfg = Release|Any CPU
		{4ED916D1-1F15-4783-B03C-FAC22DA26312}.Release|Any CPU.Build.0 = Release|Any CPU
	EndGlobalSection
	GlobalSection(SolutionProperties) = preSolution
		HideSolutionNode = FALSE
	EndGlobalSection
	GlobalSection(ExtensibilityGlobals) = postSolution
		SolutionGuid = {8D828EF3-F4BA-45A6-B885-9005A07C46B6}
	EndGlobalSection
EndGlobal
